
Microsoft Visual Studio Solution File, Format Version 12.00
# Visual Studio 14
VisualStudioVersion = 14.0.25123.0
MinimumVisualStudioVersion = 10.0.40219.1
Project("{FAE04EC0-301F-11D3-BF4B-00C04F79EFBC}") = "BinaryLiterals", "BinaryLiterals\BinaryLiterals.csproj", "{FE477ACB-8746-4BC1-BB7E-B50155D617AD}"
EndProject
Project("{FAE04EC0-301F-11D3-BF4B-00C04F79EFBC}") = "DigitSeparators", "DigitSeparators\DigitSeparators.csproj", "{0CB1A80C-5F0D-4EA5-98F8-E0B89DCBB1A9}"
EndProject
Project("{FAE04EC0-301F-11D3-BF4B-00C04F79EFBC}") = "OutVar", "OutVar\OutVar.csproj", "{2F4DB1B4-3040-4150-88A7-7508E1D54318}"
EndProject
Project("{FAE04EC0-301F-11D3-BF4B-00C04F79EFBC}") = "LocalFunctions", "LocalFunctions\LocalFunctions.csproj", "{BF3F8889-E755-4D63-8959-76C1F999FB74}"
EndProject
Project("{FAE04EC0-301F-11D3-BF4B-00C04F79EFBC}") = "PatternMatchingWithTuples", "PatternMatchingWithTuples\PatternMatchingWithTuples.csproj", "{3A77A36B-5468-4B36-B46D-7EBE9A68D754}"
EndProject
Project("{FAE04EC0-301F-11D3-BF4B-00C04F79EFBC}") = "RefLocalsAndRefReturn", "RefLocalsAndRefReturn\RefLocalsAndRefReturn.csproj", "{F05C5238-DE8A-4E99-B33A-2764B81405AA}"
EndProject
Global
	GlobalSection(SolutionConfigurationPlatforms) = preSolution
		Debug|Any CPU = Debug|Any CPU
		Release|Any CPU = Release|Any CPU
	EndGlobalSection
	GlobalSection(ProjectConfigurationPlatforms) = postSolution
		{FE477ACB-8746-4BC1-BB7E-B50155D617AD}.Debug|Any CPU.ActiveCfg = Debug|Any CPU
		{FE477ACB-8746-4BC1-BB7E-B50155D617AD}.Debug|Any CPU.Build.0 = Debug|Any CPU
		{FE477ACB-8746-4BC1-BB7E-B50155D617AD}.Release|Any CPU.ActiveCfg = Release|Any CPU
		{FE477ACB-8746-4BC1-BB7E-B50155D617AD}.Release|Any CPU.Build.0 = Release|Any CPU
		{0CB1A80C-5F0D-4EA5-98F8-E0B89DCBB1A9}.Debug|Any CPU.ActiveCfg = Debug|Any CPU
		{0CB1A80C-5F0D-4EA5-98F8-E0B89DCBB1A9}.Debug|Any CPU.Build.0 = Debug|Any CPU
		{0CB1A80C-5F0D-4EA5-98F8-E0B89DCBB1A9}.Release|Any CPU.ActiveCfg = Release|Any CPU
		{0CB1A80C-5F0D-4EA5-98F8-E0B89DCBB1A9}.Release|Any CPU.Build.0 = Release|Any CPU
		{2F4DB1B4-3040-4150-88A7-7508E1D54318}.Debug|Any CPU.ActiveCfg = Debug|Any CPU
		{2F4DB1B4-3040-4150-88A7-7508E1D54318}.Debug|Any CPU.Build.0 = Debug|Any CPU
		{2F4DB1B4-3040-4150-88A7-7508E1D54318}.Release|Any CPU.ActiveCfg = Release|Any CPU
		{2F4DB1B4-3040-4150-88A7-7508E1D54318}.Release|Any CPU.Build.0 = Release|Any CPU
		{BF3F8889-E755-4D63-8959-76C1F999FB74}.Debug|Any CPU.ActiveCfg = Debug|Any CPU
		{BF3F8889-E755-4D63-8959-76C1F999FB74}.Debug|Any CPU.Build.0 = Debug|Any CPU
		{BF3F8889-E755-4D63-8959-76C1F999FB74}.Release|Any CPU.ActiveCfg = Release|Any CPU
		{BF3F8889-E755-4D63-8959-76C1F999FB74}.Release|Any CPU.Build.0 = Release|Any CPU
		{3A77A36B-5468-4B36-B46D-7EBE9A68D754}.Debug|Any CPU.ActiveCfg = Debug|Any CPU
		{3A77A36B-5468-4B36-B46D-7EBE9A68D754}.Debug|Any CPU.Build.0 = Debug|Any CPU
		{3A77A36B-5468-4B36-B46D-7EBE9A68D754}.Release|Any CPU.ActiveCfg = Release|Any CPU
		{3A77A36B-5468-4B36-B46D-7EBE9A68D754}.Release|Any CPU.Build.0 = Release|Any CPU
		{F05C5238-DE8A-4E99-B33A-2764B81405AA}.Debug|Any CPU.ActiveCfg = Debug|Any CPU
		{F05C5238-DE8A-4E99-B33A-2764B81405AA}.Debug|Any CPU.Build.0 = Debug|Any CPU
		{F05C5238-DE8A-4E99-B33A-2764B81405AA}.Release|Any CPU.ActiveCfg = Release|Any CPU
		{F05C5238-DE8A-4E99-B33A-2764B81405AA}.Release|Any CPU.Build.0 = Release|Any CPU
	EndGlobalSection
	GlobalSection(SolutionProperties) = preSolution
		HideSolutionNode = FALSE
	EndGlobalSection
EndGlobal
